
Microsoft Visual Studio Solution File, Format Version 12.00
# Visual Studio 2017
Project("{FAE04EC0-301F-11D3-BF4B-00C04F79EFBC}") = "ChatApplicationAureliaSignalR", "ChatApplicationAureliaSignalR.csproj", "{15176455-C3BD-459C-A8D2-84CC5C3F948A}"
EndProject
Global
	GlobalSection(SolutionConfigurationPlatforms) = preSolution
		Debug|Any CPU = Debug|Any CPU
		Release|Any CPU = Release|Any CPU
	EndGlobalSection
	GlobalSection(ProjectConfigurationPlatforms) = postSolution
		{15176455-C3BD-459C-A8D2-84CC5C3F948A}.Debug|Any CPU.ActiveCfg = Debug|Any CPU
		{15176455-C3BD-459C-A8D2-84CC5C3F948A}.Debug|Any CPU.Build.0 = Debug|Any CPU
		{15176455-C3BD-459C-A8D2-84CC5C3F948A}.Release|Any CPU.ActiveCfg = Release|Any CPU
		{15176455-C3BD-459C-A8D2-84CC5C3F948A}.Release|Any CPU.Build.0 = Release|Any CPU
	EndGlobalSection
EndGlobal
